// !$*UTF8*$!
{
	archiveVersion = 1;
	classes = {
	};
	objectVersion = 46;
	objects = {

/* Begin PBXBuildFile section */
		B00E1249197C136400BFBB00 /* SCAddWordViewController.m in Sources */ = {isa = PBXBuildFile; fileRef = B00E1248197C136400BFBB00 /* SCAddWordViewController.m */; };
		B067591319739AF8002E8F5E /* MCSwipeTableViewCell.m in Sources */ = {isa = PBXBuildFile; fileRef = B067591219739AF8002E8F5E /* MCSwipeTableViewCell.m */; };
		B067591619739BE3002E8F5E /* SCTableViewController.m in Sources */ = {isa = PBXBuildFile; fileRef = B067591519739BE3002E8F5E /* SCTableViewController.m */; };
		B0831C4F19750109005F230A /* Images.xcassets in Resources */ = {isa = PBXBuildFile; fileRef = B0831C4E19750109005F230A /* Images.xcassets */; };
		B0A6A0FA197C514800B7DA09 /* SCWordObject.m in Sources */ = {isa = PBXBuildFile; fileRef = B0A6A0F9197C514800B7DA09 /* SCWordObject.m */; };
		B0DAF71F19736CC500719ED0 /* main.m in Sources */ = {isa = PBXBuildFile; fileRef = B0DAF71E19736CC500719ED0 /* main.m */; };
		B0DAF72219736CC500719ED0 /* AppDelegate.m in Sources */ = {isa = PBXBuildFile; fileRef = B0DAF72119736CC500719ED0 /* AppDelegate.m */; };
		B0DAF72519736CC500719ED0 /* ViewController.m in Sources */ = {isa = PBXBuildFile; fileRef = B0DAF72419736CC500719ED0 /* ViewController.m */; };
		B0DAF72819736CC500719ED0 /* Main.storyboard in Resources */ = {isa = PBXBuildFile; fileRef = B0DAF72619736CC500719ED0 /* Main.storyboard */; };
		B0DAF73619736CC500719ED0 /* FlashListTests.m in Sources */ = {isa = PBXBuildFile; fileRef = B0DAF73519736CC500719ED0 /* FlashListTests.m */; };
/* End PBXBuildFile section */

/* Begin PBXContainerItemProxy section */
		B0DAF73019736CC500719ED0 /* PBXContainerItemProxy */ = {
			isa = PBXContainerItemProxy;
			containerPortal = B0DAF71119736CC500719ED0 /* Project object */;
			proxyType = 1;
			remoteGlobalIDString = B0DAF71819736CC500719ED0;
			remoteInfo = FlashList;
		};
/* End PBXContainerItemProxy section */

/* Begin PBXFileReference section */
		B00E1247197C136400BFBB00 /* SCAddWordViewController.h */ = {isa = PBXFileReference; fileEncoding = 4; lastKnownFileType = sourcecode.c.h; path = SCAddWordViewController.h; sourceTree = "<group>"; };
		B00E1248197C136400BFBB00 /* SCAddWordViewController.m */ = {isa = PBXFileReference; fileEncoding = 4; lastKnownFileType = sourcecode.c.objc; path = SCAddWordViewController.m; sourceTree = "<group>"; };
		B067591119739AF8002E8F5E /* MCSwipeTableViewCell.h */ = {isa = PBXFileReference; fileEncoding = 4; lastKnownFileType = sourcecode.c.h; path = MCSwipeTableViewCell.h; sourceTree = "<group>"; };
		B067591219739AF8002E8F5E /* MCSwipeTableViewCell.m */ = {isa = PBXFileReference; fileEncoding = 4; lastKnownFileType = sourcecode.c.objc; path = MCSwipeTableViewCell.m; sourceTree = "<group>"; };
		B067591419739BE3002E8F5E /* SCTableViewController.h */ = {isa = PBXFileReference; fileEncoding = 4; lastKnownFileType = sourcecode.c.h; path = SCTableViewController.h; sourceTree = "<group>"; };
		B067591519739BE3002E8F5E /* SCTableViewController.m */ = {isa = PBXFileReference; fileEncoding = 4; lastKnownFileType = sourcecode.c.objc; path = SCTableViewController.m; sourceTree = "<group>"; };
		B0831C4E19750109005F230A /* Images.xcassets */ = {isa = PBXFileReference; lastKnownFileType = folder.assetcatalog; path = Images.xcassets; sourceTree = "<group>"; };
		B0A6A0F8197C514800B7DA09 /* SCWordObject.h */ = {isa = PBXFileReference; fileEncoding = 4; lastKnownFileType = sourcecode.c.h; path = SCWordObject.h; sourceTree = "<group>"; };
		B0A6A0F9197C514800B7DA09 /* SCWordObject.m */ = {isa = PBXFileReference; fileEncoding = 4; lastKnownFileType = sourcecode.c.objc; path = SCWordObject.m; sourceTree = "<group>"; };
		B0DAF71919736CC500719ED0 /* FlashList.app */ = {isa = PBXFileReference; explicitFileType = wrapper.application; includeInIndex = 0; path = FlashList.app; sourceTree = BUILT_PRODUCTS_DIR; };
		B0DAF71D19736CC500719ED0 /* Info.plist */ = {isa = PBXFileReference; lastKnownFileType = text.plist.xml; path = Info.plist; sourceTree = "<group>"; };
		B0DAF71E19736CC500719ED0 /* main.m */ = {isa = PBXFileReference; lastKnownFileType = sourcecode.c.objc; path = main.m; sourceTree = "<group>"; };
		B0DAF72019736CC500719ED0 /* AppDelegate.h */ = {isa = PBXFileReference; lastKnownFileType = sourcecode.c.h; path = AppDelegate.h; sourceTree = "<group>"; };
		B0DAF72119736CC500719ED0 /* AppDelegate.m */ = {isa = PBXFileReference; lastKnownFileType = sourcecode.c.objc; path = AppDelegate.m; sourceTree = "<group>"; };
		B0DAF72319736CC500719ED0 /* ViewController.h */ = {isa = PBXFileReference; lastKnownFileType = sourcecode.c.h; path = ViewController.h; sourceTree = "<group>"; };
		B0DAF72419736CC500719ED0 /* ViewController.m */ = {isa = PBXFileReference; lastKnownFileType = sourcecode.c.objc; path = ViewController.m; sourceTree = "<group>"; };
		B0DAF72719736CC500719ED0 /* Base */ = {isa = PBXFileReference; lastKnownFileType = file.storyboard; name = Base; path = Base.lproj/Main.storyboard; sourceTree = "<group>"; };
		B0DAF72F19736CC500719ED0 /* FlashListTests.xctest */ = {isa = PBXFileReference; explicitFileType = wrapper.cfbundle; includeInIndex = 0; path = FlashListTests.xctest; sourceTree = BUILT_PRODUCTS_DIR; };
		B0DAF73419736CC500719ED0 /* Info.plist */ = {isa = PBXFileReference; lastKnownFileType = text.plist.xml; path = Info.plist; sourceTree = "<group>"; };
		B0DAF73519736CC500719ED0 /* FlashListTests.m */ = {isa = PBXFileReference; lastKnownFileType = sourcecode.c.objc; path = FlashListTests.m; sourceTree = "<group>"; };
/* End PBXFileReference section */

/* Begin PBXFrameworksBuildPhase section */
		B0DAF71619736CC500719ED0 /* Frameworks */ = {
			isa = PBXFrameworksBuildPhase;
			buildActionMask = 2147483647;
			files = (
			);
			runOnlyForDeploymentPostprocessing = 0;
		};
		B0DAF72C19736CC500719ED0 /* Frameworks */ = {
			isa = PBXFrameworksBuildPhase;
			buildActionMask = 2147483647;
			files = (
			);
			runOnlyForDeploymentPostprocessing = 0;
		};
/* End PBXFrameworksBuildPhase section */

/* Begin PBXGroup section */
		B067591019739AF8002E8F5E /* MCSwipeTableViewCell */ = {
			isa = PBXGroup;
			children = (
				B067591119739AF8002E8F5E /* MCSwipeTableViewCell.h */,
				B067591219739AF8002E8F5E /* MCSwipeTableViewCell.m */,
			);
			path = MCSwipeTableViewCell;
			sourceTree = "<group>";
		};
		B0DAF71019736CC500719ED0 = {
			isa = PBXGroup;
			children = (
				B0DAF71B19736CC500719ED0 /* FlashList */,
				B0DAF73219736CC500719ED0 /* FlashListTests */,
				B0DAF71A19736CC500719ED0 /* Products */,
			);
			sourceTree = "<group>";
		};
		B0DAF71A19736CC500719ED0 /* Products */ = {
			isa = PBXGroup;
			children = (
				B0DAF71919736CC500719ED0 /* FlashList.app */,
				B0DAF72F19736CC500719ED0 /* FlashListTests.xctest */,
			);
			name = Products;
			sourceTree = "<group>";
		};
		B0DAF71B19736CC500719ED0 /* FlashList */ = {
			isa = PBXGroup;
			children = (
				B0DAF72019736CC500719ED0 /* AppDelegate.h */,
				B0DAF72119736CC500719ED0 /* AppDelegate.m */,
				B0DAF72319736CC500719ED0 /* ViewController.h */,
				B0DAF72419736CC500719ED0 /* ViewController.m */,
				B0DAF72619736CC500719ED0 /* Main.storyboard */,
				B00E1247197C136400BFBB00 /* SCAddWordViewController.h */,
				B00E1248197C136400BFBB00 /* SCAddWordViewController.m */,
				B067591419739BE3002E8F5E /* SCTableViewController.h */,
				B067591519739BE3002E8F5E /* SCTableViewController.m */,
				B0A6A0F8197C514800B7DA09 /* SCWordObject.h */,
				B0A6A0F9197C514800B7DA09 /* SCWordObject.m */,
				B0831C4E19750109005F230A /* Images.xcassets */,
				B067591019739AF8002E8F5E /* MCSwipeTableViewCell */,
				B0DAF71C19736CC500719ED0 /* Supporting Files */,
			);
			path = FlashList;
			sourceTree = "<group>";
		};
		B0DAF71C19736CC500719ED0 /* Supporting Files */ = {
			isa = PBXGroup;
			children = (
				B0DAF71D19736CC500719ED0 /* Info.plist */,
				B0DAF71E19736CC500719ED0 /* main.m */,
			);
			name = "Supporting Files";
			sourceTree = "<group>";
		};
		B0DAF73219736CC500719ED0 /* FlashListTests */ = {
			isa = PBXGroup;
			children = (
				B0DAF73519736CC500719ED0 /* FlashListTests.m */,
				B0DAF73319736CC500719ED0 /* Supporting Files */,
			);
			path = FlashListTests;
			sourceTree = "<group>";
		};
		B0DAF73319736CC500719ED0 /* Supporting Files */ = {
			isa = PBXGroup;
			children = (
				B0DAF73419736CC500719ED0 /* Info.plist */,
			);
			name = "Supporting Files";
			sourceTree = "<group>";
		};
/* End PBXGroup section */

/* Begin PBXNativeTarget section */
		B0DAF71819736CC500719ED0 /* FlashList */ = {
			isa = PBXNativeTarget;
			buildConfigurationList = B0DAF73919736CC500719ED0 /* Build configuration list for PBXNativeTarget "FlashList" */;
			buildPhases = (
				B0DAF71519736CC500719ED0 /* Sources */,
				B0DAF71619736CC500719ED0 /* Frameworks */,
				B0DAF71719736CC500719ED0 /* Resources */,
			);
			buildRules = (
			);
			dependencies = (
			);
			name = FlashList;
			productName = FlashList;
			productReference = B0DAF71919736CC500719ED0 /* FlashList.app */;
			productType = "com.apple.product-type.application";
		};
		B0DAF72E19736CC500719ED0 /* FlashListTests */ = {
			isa = PBXNativeTarget;
			buildConfigurationList = B0DAF73C19736CC500719ED0 /* Build configuration list for PBXNativeTarget "FlashListTests" */;
			buildPhases = (
				B0DAF72B19736CC500719ED0 /* Sources */,
				B0DAF72C19736CC500719ED0 /* Frameworks */,
				B0DAF72D19736CC500719ED0 /* Resources */,
			);
			buildRules = (
			);
			dependencies = (
				B0DAF73119736CC500719ED0 /* PBXTargetDependency */,
			);
			name = FlashListTests;
			productName = FlashListTests;
			productReference = B0DAF72F19736CC500719ED0 /* FlashListTests.xctest */;
			productType = "com.apple.product-type.bundle.unit-test";
		};
/* End PBXNativeTarget section */

/* Begin PBXProject section */
		B0DAF71119736CC500719ED0 /* Project object */ = {
			isa = PBXProject;
			attributes = {
				LastUpgradeCheck = 0600;
				ORGANIZATIONNAME = "Steven Shen";
				TargetAttributes = {
					B0DAF71819736CC500719ED0 = {
						CreatedOnToolsVersion = 6.0;
					};
					B0DAF72E19736CC500719ED0 = {
						CreatedOnToolsVersion = 6.0;
						TestTargetID = B0DAF71819736CC500719ED0;
					};
				};
			};
			buildConfigurationList = B0DAF71419736CC500719ED0 /* Build configuration list for PBXProject "FlashList" */;
			compatibilityVersion = "Xcode 3.2";
			developmentRegion = English;
			hasScannedForEncodings = 0;
			knownRegions = (
				en,
				Base,
			);
			mainGroup = B0DAF71019736CC500719ED0;
			productRefGroup = B0DAF71A19736CC500719ED0 /* Products */;
			projectDirPath = "";
			projectRoot = "";
			targets = (
				B0DAF71819736CC500719ED0 /* FlashList */,
				B0DAF72E19736CC500719ED0 /* FlashListTests */,
			);
		};
/* End PBXProject section */

/* Begin PBXResourcesBuildPhase section */
		B0DAF71719736CC500719ED0 /* Resources */ = {
			isa = PBXResourcesBuildPhase;
			buildActionMask = 2147483647;
			files = (
				B0DAF72819736CC500719ED0 /* Main.storyboard in Resources */,
				B0831C4F19750109005F230A /* Images.xcassets in Resources */,
			);
			runOnlyForDeploymentPostprocessing = 0;
		};
		B0DAF72D19736CC500719ED0 /* Resources */ = {
			isa = PBXResourcesBuildPhase;
			buildActionMask = 2147483647;
			files = (
			);
			runOnlyForDeploymentPostprocessing = 0;
		};
/* End PBXResourcesBuildPhase section */

/* Begin PBXSourcesBuildPhase section */
		B0DAF71519736CC500719ED0 /* Sources */ = {
			isa = PBXSourcesBuildPhase;
			buildActionMask = 2147483647;
			files = (
				B00E1249197C136400BFBB00 /* SCAddWordViewController.m in Sources */,
				B067591319739AF8002E8F5E /* MCSwipeTableViewCell.m in Sources */,
				B0A6A0FA197C514800B7DA09 /* SCWordObject.m in Sources */,
				B0DAF72519736CC500719ED0 /* ViewController.m in Sources */,
				B0DAF72219736CC500719ED0 /* AppDelegate.m in Sources */,
				B0DAF71F19736CC500719ED0 /* main.m in Sources */,
				B067591619739BE3002E8F5E /* SCTableViewController.m in Sources */,
			);
			runOnlyForDeploymentPostprocessing = 0;
		};
		B0DAF72B19736CC500719ED0 /* Sources */ = {
			isa = PBXSourcesBuildPhase;
			buildActionMask = 2147483647;
			files = (
				B0DAF73619736CC500719ED0 /* FlashListTests.m in Sources */,
			);
			runOnlyForDeploymentPostprocessing = 0;
		};
/* End PBXSourcesBuildPhase section */

/* Begin PBXTargetDependency section */
		B0DAF73119736CC500719ED0 /* PBXTargetDependency */ = {
			isa = PBXTargetDependency;
			target = B0DAF71819736CC500719ED0 /* FlashList */;
			targetProxy = B0DAF73019736CC500719ED0 /* PBXContainerItemProxy */;
		};
/* End PBXTargetDependency section */

/* Begin PBXVariantGroup section */
		B0DAF72619736CC500719ED0 /* Main.storyboard */ = {
			isa = PBXVariantGroup;
			children = (
				B0DAF72719736CC500719ED0 /* Base */,
			);
			name = Main.storyboard;
			sourceTree = "<group>";
		};
/* End PBXVariantGroup section */

/* Begin XCBuildConfiguration section */
		B0DAF73719736CC500719ED0 /* Debug */ = {
			isa = XCBuildConfiguration;
			buildSettings = {
				ALWAYS_SEARCH_USER_PATHS = NO;
				CLANG_CXX_LANGUAGE_STANDARD = "gnu++0x";
				CLANG_CXX_LIBRARY = "libc++";
				CLANG_ENABLE_MODULES = YES;
				CLANG_ENABLE_OBJC_ARC = YES;
				CLANG_WARN_BOOL_CONVERSION = YES;
				CLANG_WARN_CONSTANT_CONVERSION = YES;
				CLANG_WARN_DIRECT_OBJC_ISA_USAGE = YES_ERROR;
				CLANG_WARN_EMPTY_BODY = YES;
				CLANG_WARN_ENUM_CONVERSION = YES;
				CLANG_WARN_INT_CONVERSION = YES;
				CLANG_WARN_OBJC_ROOT_CLASS = YES_ERROR;
				CLANG_WARN_UNREACHABLE_CODE = YES;
				CLANG_WARN__DUPLICATE_METHOD_MATCH = YES;
				"CODE_SIGN_IDENTITY[sdk=iphoneos*]" = "iPhone Developer";
				COPY_PHASE_STRIP = NO;
				ENABLE_STRICT_OBJC_MSGSEND = YES;
				GCC_C_LANGUAGE_STANDARD = gnu99;
				GCC_DYNAMIC_NO_PIC = NO;
				GCC_OPTIMIZATION_LEVEL = 0;
				GCC_PREPROCESSOR_DEFINITIONS = (
					"DEBUG=1",
					"$(inherited)",
				);
				GCC_SYMBOLS_PRIVATE_EXTERN = NO;
				GCC_WARN_64_TO_32_BIT_CONVERSION = YES;
				GCC_WARN_ABOUT_RETURN_TYPE = YES_ERROR;
				GCC_WARN_UNDECLARED_SELECTOR = YES;
				GCC_WARN_UNINITIALIZED_AUTOS = YES_AGGRESSIVE;
				GCC_WARN_UNUSED_FUNCTION = YES;
				GCC_WARN_UNUSED_VARIABLE = YES;
				IPHONEOS_DEPLOYMENT_TARGET = 6.1;
				METAL_ENABLE_DEBUG_INFO = YES;
				ONLY_ACTIVE_ARCH = YES;
				SDKROOT = iphoneos;
			};
			name = Debug;
		};
		B0DAF73819736CC500719ED0 /* Release */ = {
			isa = XCBuildConfiguration;
			buildSettings = {
				ALWAYS_SEARCH_USER_PATHS = NO;
				CLANG_CXX_LANGUAGE_STANDARD = "gnu++0x";
				CLANG_CXX_LIBRARY = "libc++";
				CLANG_ENABLE_MODULES = YES;
				CLANG_ENABLE_OBJC_ARC = YES;
				CLANG_WARN_BOOL_CONVERSION = YES;
				CLANG_WARN_CONSTANT_CONVERSION = YES;
				CLANG_WARN_DIRECT_OBJC_ISA_USAGE = YES_ERROR;
				CLANG_WARN_EMPTY_BODY = YES;
				CLANG_WARN_ENUM_CONVERSION = YES;
				CLANG_WARN_INT_CONVERSION = YES;
				CLANG_WARN_OBJC_ROOT_CLASS = YES_ERROR;
				CLANG_WARN_UNREACHABLE_CODE = YES;
				CLANG_WARN__DUPLICATE_METHOD_MATCH = YES;
				"CODE_SIGN_IDENTITY[sdk=iphoneos*]" = "iPhone Developer";
				COPY_PHASE_STRIP = YES;
				ENABLE_NS_ASSERTIONS = NO;
				ENABLE_STRICT_OBJC_MSGSEND = YES;
				GCC_C_LANGUAGE_STANDARD = gnu99;
				GCC_WARN_64_TO_32_BIT_CONVERSION = YES;
				GCC_WARN_ABOUT_RETURN_TYPE = YES_ERROR;
				GCC_WARN_UNDECLARED_SELECTOR = YES;
				GCC_WARN_UNINITIALIZED_AUTOS = YES_AGGRESSIVE;
				GCC_WARN_UNUSED_FUNCTION = YES;
				GCC_WARN_UNUSED_VARIABLE = YES;
				IPHONEOS_DEPLOYMENT_TARGET = 6.1;
				METAL_ENABLE_DEBUG_INFO = NO;
				SDKROOT = iphoneos;
				VALIDATE_PRODUCT = YES;
			};
			name = Release;
		};
		B0DAF73A19736CC500719ED0 /* Debug */ = {
			isa = XCBuildConfiguration;
			buildSettings = {
				ASSETCATALOG_COMPILER_APPICON_NAME = AppIcon;
				ASSETCATALOG_COMPILER_LAUNCHIMAGE_NAME = LaunchImage;
				INFOPLIST_FILE = FlashList/Info.plist;
				IPHONEOS_DEPLOYMENT_TARGET = 7.0;
				LD_RUNPATH_SEARCH_PATHS = "$(inherited) @executable_path/Frameworks";
				PRODUCT_NAME = "$(TARGET_NAME)";
			};
			name = Debug;
		};
		B0DAF73B19736CC500719ED0 /* Release */ = {
			isa = XCBuildConfiguration;
			buildSettings = {
				ASSETCATALOG_COMPILER_APPICON_NAME = AppIcon;
				ASSETCATALOG_COMPILER_LAUNCHIMAGE_NAME = LaunchImage;
				INFOPLIST_FILE = FlashList/Info.plist;
				IPHONEOS_DEPLOYMENT_TARGET = 7.0;
				LD_RUNPATH_SEARCH_PATHS = "$(inherited) @executable_path/Frameworks";
				PRODUCT_NAME = "$(TARGET_NAME)";
			};
			name = Release;
		};
		B0DAF73D19736CC500719ED0 /* Debug */ = {
			isa = XCBuildConfiguration;
			buildSettings = {
				BUNDLE_LOADER = "$(BUILT_PRODUCTS_DIR)/FlashList.app/FlashList";
				FRAMEWORK_SEARCH_PATHS = (
					"$(SDKROOT)/Developer/Library/Frameworks",
					"$(inherited)",
				);
				GCC_PREPROCESSOR_DEFINITIONS = (
					"DEBUG=1",
					"$(inherited)",
				);
				INFOPLIST_FILE = FlashListTests/Info.plist;
				IPHONEOS_DEPLOYMENT_TARGET = 6.1;
				LD_RUNPATH_SEARCH_PATHS = "$(inherited) @executable_path/Frameworks @loader_path/Frameworks";
				METAL_ENABLE_DEBUG_INFO = YES;
				PRODUCT_NAME = "$(TARGET_NAME)";
				TEST_HOST = "$(BUNDLE_LOADER)";
			};
			name = Debug;
		};
		B0DAF73E19736CC500719ED0 /* Release */ = {
			isa = XCBuildConfiguration;
			buildSettings = {
				BUNDLE_LOADER = "$(BUILT_PRODUCTS_DIR)/FlashList.app/FlashList";
				FRAMEWORK_SEARCH_PATHS = (
					"$(SDKROOT)/Developer/Library/Frameworks",
					"$(inherited)",
				);
				INFOPLIST_FILE = FlashListTests/Info.plist;
				IPHONEOS_DEPLOYMENT_TARGET = 6.1;
				LD_RUNPATH_SEARCH_PATHS = "$(inherited) @executable_path/Frameworks @loader_path/Frameworks";
				METAL_ENABLE_DEBUG_INFO = NO;
				PRODUCT_NAME = "$(TARGET_NAME)";
				TEST_HOST = "$(BUNDLE_LOADER)";
			};
			name = Release;
		};
/* End XCBuildConfiguration section */

/* Begin XCConfigurationList section */
		B0DAF71419736CC500719ED0 /* Build configuration list for PBXProject "FlashList" */ = {
			isa = XCConfigurationList;
			buildConfigurations = (
				B0DAF73719736CC500719ED0 /* Debug */,
				B0DAF73819736CC500719ED0 /* Release */,
			);
			defaultConfigurationIsVisible = 0;
			defaultConfigurationName = Release;
		};
		B0DAF73919736CC500719ED0 /* Build configuration list for PBXNativeTarget "FlashList" */ = {
			isa = XCConfigurationList;
			buildConfigurations = (
				B0DAF73A19736CC500719ED0 /* Debug */,
				B0DAF73B19736CC500719ED0 /* Release */,
			);
			defaultConfigurationIsVisible = 0;
			defaultConfigurationName = Release;
		};
		B0DAF73C19736CC500719ED0 /* Build configuration list for PBXNativeTarget "FlashListTests" */ = {
			isa = XCConfigurationList;
			buildConfigurations = (
				B0DAF73D19736CC500719ED0 /* Debug */,
				B0DAF73E19736CC500719ED0 /* Release */,
			);
			defaultConfigurationIsVisible = 0;
			defaultConfigurationName = Release;
		};
/* End XCConfigurationList section */
	};
	rootObject = B0DAF71119736CC500719ED0 /* Project object */;
}
